<?xml version="1.0" encoding="utf-8"?>
<Project ToolsVersion="4.0" xmlns="http://schemas.microsoft.com/developer/msbuild/2003">
  <ItemGroup>
    <ClInclude Include="$(MSBuildThisFileDirectory)almondcore.h">
      <Filter>core</Filter>
    </ClInclude>
    <ClInclude Include="$(MSBuildThisFileDirectory)Engine.h">
      <Filter>core</Filter>
    </ClInclude>
    <ClInclude Include="$(MSBuildThisFileDirectory)EntryPoint.h">
      <Filter>core</Filter>
    </ClInclude>
    <ClInclude Include="$(MSBuildThisFileDirectory)resource.h">
      <Filter>core</Filter>
    </ClInclude>
    <ClInclude Include="$(MSBuildThisFileDirectory)Logger.h">
      <Filter>core</Filter>
    </ClInclude>
    <ClInclude Include="$(MSBuildThisFileDirectory)EventManager.h">
      <Filter>core</Filter>
    </ClInclude>
    <ClInclude Include="$(MSBuildThisFileDirectory)JobSystem.h">
      <Filter>core</Filter>
    </ClInclude>
    <ClInclude Include="$(MSBuildThisFileDirectory)MovementEvent.h">
      <Filter>core</Filter>
    </ClInclude>
    <ClInclude Include="$(MSBuildThisFileDirectory)Scene.h">
      <Filter>core</Filter>
    </ClInclude>
    <ClInclude Include="$(MSBuildThisFileDirectory)ComponentManager.h">
      <Filter>systems</Filter>
    </ClInclude>
    <ClInclude Include="$(MSBuildThisFileDirectory)Components.h">
      <Filter>systems</Filter>
    </ClInclude>
    <ClInclude Include="$(MSBuildThisFileDirectory)EntityComponentSystem.h">
      <Filter>systems</Filter>
    </ClInclude>
    <ClInclude Include="$(MSBuildThisFileDirectory)PhysicsSystem2D.h">
      <Filter>systems</Filter>
    </ClInclude>
    <ClInclude Include="$(MSBuildThisFileDirectory)RenderingSystem.h">
      <Filter>systems</Filter>
    </ClInclude>
    <ClInclude Include="$(MSBuildThisFileDirectory)ThreadPool.h">
      <Filter>systems</Filter>
    </ClInclude>
    <ClInclude Include="$(MSBuildThisFileDirectory)TimeKeeper.h">
      <Filter>systems</Filter>
    </ClInclude>
    <ClInclude Include="$(MSBuildThisFileDirectory)WaitFreeQueue.h">
      <Filter>systems</Filter>
    </ClInclude>
    <ClInclude Include="$(MSBuildThisFileDirectory)Entity.h">
      <Filter>external</Filter>
    </ClInclude>
    <ClInclude Include="$(MSBuildThisFileDirectory)Event.h">
      <Filter>external</Filter>
    </ClInclude>
  </ItemGroup>
  <ItemGroup>
    <Filter Include="core">
      <UniqueIdentifier>{d39195ce-484e-44ca-9140-21227b1f1e18}</UniqueIdentifier>
    </Filter>
    <Filter Include="systems">
      <UniqueIdentifier>{28353eab-5256-4aab-8306-26a577dc7ba9}</UniqueIdentifier>
    </Filter>
    <Filter Include="external">
      <UniqueIdentifier>{ff07846f-21c3-47ef-9ed9-10a236aedcbd}</UniqueIdentifier>
    </Filter>
  </ItemGroup>
</Project>